<?xml version="1.0" encoding="utf-8"?>
<Project ToolsVersion="4.0" xmlns="http://schemas.microsoft.com/developer/msbuild/2003">
  <ItemGroup>
    <ClCompile Include="BioEnemyShip.cpp" />
    <ClCompile Include="Blaster.cpp" />
    <ClCompile Include="BioEnemyBoss.cpp" />
    <ClCompile Include="CollisionManager.cpp" />
    <ClCompile Include="CollisionType.cpp" />
    <ClCompile Include="EnemyShip.cpp" />
    <ClCompile Include="Explosion.cpp" />
    <ClCompile Include="GameObject.cpp" />
    <ClCompile Include="GameplayScreen.cpp" />
    <ClCompile Include="Level.cpp" />
    <ClCompile Include="Level01.cpp" />
    <ClCompile Include="Level02.cpp" />
    <ClCompile Include="Main.cpp" />
    <ClCompile Include="MainMenuScreen.cpp" />
    <ClCompile Include="PlayerShip.cpp" />
    <ClCompile Include="Projectile.cpp" />
    <ClCompile Include="Ship.cpp" />
    <ClCompile Include="SpaceFighter.cpp" />
    <ClCompile Include="TriggerType.cpp" />
    <ClCompile Include="Weapon.cpp" />
  </ItemGroup>
  <ItemGroup>
    <ClInclude Include="BioEnemyShip.h" />
    <ClInclude Include="Blaster.h" />
    <ClInclude Include="BioEnemyBoss.h" />
    <ClInclude Include="CollisionManager.h" />
    <ClInclude Include="CollisionType.h" />
    <ClInclude Include="EnemyShip.h" />
    <ClInclude Include="Explosion.h" />
    <ClInclude Include="GameObject.h" />
    <ClInclude Include="GameplayScreen.h" />
    <ClInclude Include="Level.h" />
    <ClInclude Include="Level01.h" />
    <ClInclude Include="Level02.h" />
    <ClInclude Include="MainMenuScreen.h" />
    <ClInclude Include="PlayerShip.h" />
    <ClInclude Include="Projectile.h" />
    <ClInclude Include="Ship.h" />
    <ClInclude Include="SpaceFighter.h" />
    <ClInclude Include="TriggerType.h" />
    <ClInclude Include="Weapon.h" />
  </ItemGroup>
  <ItemGroup>
    <None Include="ClassDiagram.cd" />
    <None Include="packages.config" />
  </ItemGroup>
</Project>